
Microsoft Visual Studio Solution File, Format Version 12.00
# Visual Studio 15
VisualStudioVersion = 15.0.28010.2026
MinimumVisualStudioVersion = 10.0.40219.1
Project("{9A19103F-16F7-4668-BE54-9A1E7A4F7556}") = "HelloWorld", "HelloWorld\HelloWorld.csproj", "{AE650052-2D12-4CB8-A0CD-471D47378A1C}"
EndProject
Project("{9A19103F-16F7-4668-BE54-9A1E7A4F7556}") = "Repository", "Repository\Repository.csproj", "{C11119F9-6362-456A-9AEE-E74A16C79556}"
EndProject
Project("{9A19103F-16F7-4668-BE54-9A1E7A4F7556}") = "Utilities", "Utilities\Utilities.csproj", "{5E7A3317-5719-494A-8F59-9320D7DDBEA9}"
EndProject
Project("{9A19103F-16F7-4668-BE54-9A1E7A4F7556}") = "UnitTest", "UnitTest\UnitTest.csproj", "{DCDCCD96-B0DD-443A-8D3A-CD6979EC6604}"
EndProject
Project("{9A19103F-16F7-4668-BE54-9A1E7A4F7556}") = "Services", "Services\Services.csproj", "{CC2A0E7F-5EAE-45C0-85B3-6D3A9EFBDD44}"
EndProject
Global
	GlobalSection(SolutionConfigurationPlatforms) = preSolution
		Debug|Any CPU = Debug|Any CPU
		Release|Any CPU = Release|Any CPU
	EndGlobalSection
	GlobalSection(ProjectConfigurationPlatforms) = postSolution
		{AE650052-2D12-4CB8-A0CD-471D47378A1C}.Debug|Any CPU.ActiveCfg = Debug|Any CPU
		{AE650052-2D12-4CB8-A0CD-471D47378A1C}.Debug|Any CPU.Build.0 = Debug|Any CPU
		{AE650052-2D12-4CB8-A0CD-471D47378A1C}.Release|Any CPU.ActiveCfg = Release|Any CPU
		{AE650052-2D12-4CB8-A0CD-471D47378A1C}.Release|Any CPU.Build.0 = Release|Any CPU
		{C11119F9-6362-456A-9AEE-E74A16C79556}.Debug|Any CPU.ActiveCfg = Debug|Any CPU
		{C11119F9-6362-456A-9AEE-E74A16C79556}.Debug|Any CPU.Build.0 = Debug|Any CPU
		{C11119F9-6362-456A-9AEE-E74A16C79556}.Release|Any CPU.ActiveCfg = Release|Any CPU
		{C11119F9-6362-456A-9AEE-E74A16C79556}.Release|Any CPU.Build.0 = Release|Any CPU
		{5E7A3317-5719-494A-8F59-9320D7DDBEA9}.Debug|Any CPU.ActiveCfg = Debug|Any CPU
		{5E7A3317-5719-494A-8F59-9320D7DDBEA9}.Debug|Any CPU.Build.0 = Debug|Any CPU
		{5E7A3317-5719-494A-8F59-9320D7DDBEA9}.Release|Any CPU.ActiveCfg = Release|Any CPU
		{5E7A3317-5719-494A-8F59-9320D7DDBEA9}.Release|Any CPU.Build.0 = Release|Any CPU
		{DCDCCD96-B0DD-443A-8D3A-CD6979EC6604}.Debug|Any CPU.ActiveCfg = Debug|Any CPU
		{DCDCCD96-B0DD-443A-8D3A-CD6979EC6604}.Debug|Any CPU.Build.0 = Debug|Any CPU
		{DCDCCD96-B0DD-443A-8D3A-CD6979EC6604}.Release|Any CPU.ActiveCfg = Release|Any CPU
		{DCDCCD96-B0DD-443A-8D3A-CD6979EC6604}.Release|Any CPU.Build.0 = Release|Any CPU
		{CC2A0E7F-5EAE-45C0-85B3-6D3A9EFBDD44}.Debug|Any CPU.ActiveCfg = Debug|Any CPU
		{CC2A0E7F-5EAE-45C0-85B3-6D3A9EFBDD44}.Debug|Any CPU.Build.0 = Debug|Any CPU
		{CC2A0E7F-5EAE-45C0-85B3-6D3A9EFBDD44}.Release|Any CPU.ActiveCfg = Release|Any CPU
		{CC2A0E7F-5EAE-45C0-85B3-6D3A9EFBDD44}.Release|Any CPU.Build.0 = Release|Any CPU
	EndGlobalSection
	GlobalSection(SolutionProperties) = preSolution
		HideSolutionNode = FALSE
	EndGlobalSection
	GlobalSection(ExtensibilityGlobals) = postSolution
		SolutionGuid = {F5817A4D-DCA4-4D72-870B-DC1D1C116102}
	EndGlobalSection
EndGlobal
